
Microsoft Visual Studio Solution File, Format Version 12.00
# Visual Studio Version 16
VisualStudioVersion = 16.0.30517.126
MinimumVisualStudioVersion = 10.0.40219.1
Project("{9A19103F-16F7-4668-BE54-9A1E7A4F7556}") = "DSSConsole", "DSS\DSSConsole.csproj", "{C52651FB-DEF7-487E-BDAF-BD309D4DF383}"
EndProject
Project("{9A19103F-16F7-4668-BE54-9A1E7A4F7556}") = "DSSLib", "DSSLib\DSSLib.csproj", "{649B425F-C47B-455E-88C6-270931C4D7B0}"
EndProject
Project("{FAE04EC0-301F-11D3-BF4B-00C04F79EFBC}") = "DSSView", "DSSView\DSSView.csproj", "{A0169C07-4D97-4811-AD7C-6CBBB8D06FF4}"
EndProject
Project("{FAE04EC0-301F-11D3-BF4B-00C04F79EFBC}") = "DSSEditor", "DSSEditor\DSSEditor.csproj", "{74FEA001-7EE6-423E-AC9B-85F287E80757}"
EndProject
Project("{FAE04EC0-301F-11D3-BF4B-00C04F79EFBC}") = "DSSViewTests", "DSSViewTests\DSSViewTests.csproj", "{A138B7BB-AE1E-49AE-85AC-BDD854FBFB6C}"
EndProject
Global
	GlobalSection(SolutionConfigurationPlatforms) = preSolution
		Debug|Any CPU = Debug|Any CPU
		Release|Any CPU = Release|Any CPU
	EndGlobalSection
	GlobalSection(ProjectConfigurationPlatforms) = postSolution
		{C52651FB-DEF7-487E-BDAF-BD309D4DF383}.Debug|Any CPU.ActiveCfg = Debug|Any CPU
		{C52651FB-DEF7-487E-BDAF-BD309D4DF383}.Debug|Any CPU.Build.0 = Debug|Any CPU
		{C52651FB-DEF7-487E-BDAF-BD309D4DF383}.Release|Any CPU.ActiveCfg = Release|Any CPU
		{C52651FB-DEF7-487E-BDAF-BD309D4DF383}.Release|Any CPU.Build.0 = Release|Any CPU
		{649B425F-C47B-455E-88C6-270931C4D7B0}.Debug|Any CPU.ActiveCfg = Debug|Any CPU
		{649B425F-C47B-455E-88C6-270931C4D7B0}.Debug|Any CPU.Build.0 = Debug|Any CPU
		{649B425F-C47B-455E-88C6-270931C4D7B0}.Release|Any CPU.ActiveCfg = Release|Any CPU
		{649B425F-C47B-455E-88C6-270931C4D7B0}.Release|Any CPU.Build.0 = Release|Any CPU
		{A0169C07-4D97-4811-AD7C-6CBBB8D06FF4}.Debug|Any CPU.ActiveCfg = Debug|Any CPU
		{A0169C07-4D97-4811-AD7C-6CBBB8D06FF4}.Debug|Any CPU.Build.0 = Debug|Any CPU
		{A0169C07-4D97-4811-AD7C-6CBBB8D06FF4}.Release|Any CPU.ActiveCfg = Release|Any CPU
		{A0169C07-4D97-4811-AD7C-6CBBB8D06FF4}.Release|Any CPU.Build.0 = Release|Any CPU
		{74FEA001-7EE6-423E-AC9B-85F287E80757}.Debug|Any CPU.ActiveCfg = Debug|Any CPU
		{74FEA001-7EE6-423E-AC9B-85F287E80757}.Debug|Any CPU.Build.0 = Debug|Any CPU
		{74FEA001-7EE6-423E-AC9B-85F287E80757}.Release|Any CPU.ActiveCfg = Release|Any CPU
		{74FEA001-7EE6-423E-AC9B-85F287E80757}.Release|Any CPU.Build.0 = Release|Any CPU
		{A138B7BB-AE1E-49AE-85AC-BDD854FBFB6C}.Debug|Any CPU.ActiveCfg = Debug|Any CPU
		{A138B7BB-AE1E-49AE-85AC-BDD854FBFB6C}.Debug|Any CPU.Build.0 = Debug|Any CPU
		{A138B7BB-AE1E-49AE-85AC-BDD854FBFB6C}.Release|Any CPU.ActiveCfg = Release|Any CPU
		{A138B7BB-AE1E-49AE-85AC-BDD854FBFB6C}.Release|Any CPU.Build.0 = Release|Any CPU
	EndGlobalSection
	GlobalSection(SolutionProperties) = preSolution
		HideSolutionNode = FALSE
	EndGlobalSection
	GlobalSection(ExtensibilityGlobals) = postSolution
		SolutionGuid = {3FDF1FAC-07D8-4059-8585-EE0778FD241C}
	EndGlobalSection
EndGlobal
